// !$*UTF8*$!
{
	archiveVersion = 1;
	classes = {
	};
	objectVersion = 46;
	objects = {

/* Begin PBXBuildFile section */
		183C9FCF17BDF42A00FD4C5D /* UIKit.framework in Frameworks */ = {isa = PBXBuildFile; fileRef = 183C9FCE17BDF42A00FD4C5D /* UIKit.framework */; };
		183C9FD117BDF42A00FD4C5D /* Foundation.framework in Frameworks */ = {isa = PBXBuildFile; fileRef = 183C9FD017BDF42A00FD4C5D /* Foundation.framework */; };
		183C9FD317BDF42A00FD4C5D /* CoreGraphics.framework in Frameworks */ = {isa = PBXBuildFile; fileRef = 183C9FD217BDF42A00FD4C5D /* CoreGraphics.framework */; };
		183C9FD917BDF42B00FD4C5D /* InfoPlist.strings in Resources */ = {isa = PBXBuildFile; fileRef = 183C9FD717BDF42B00FD4C5D /* InfoPlist.strings */; };
		183C9FDB17BDF42B00FD4C5D /* main.m in Sources */ = {isa = PBXBuildFile; fileRef = 183C9FDA17BDF42B00FD4C5D /* main.m */; };
		183C9FDF17BDF42B00FD4C5D /* AppDelegate.m in Sources */ = {isa = PBXBuildFile; fileRef = 183C9FDE17BDF42B00FD4C5D /* AppDelegate.m */; };
		183C9FE117BDF42B00FD4C5D /* Default.png in Resources */ = {isa = PBXBuildFile; fileRef = 183C9FE017BDF42B00FD4C5D /* Default.png */; };
		183C9FE317BDF42B00FD4C5D /* Default@2x.png in Resources */ = {isa = PBXBuildFile; fileRef = 183C9FE217BDF42B00FD4C5D /* Default@2x.png */; };
		183C9FE517BDF42B00FD4C5D /* Default-568h@2x.png in Resources */ = {isa = PBXBuildFile; fileRef = 183C9FE417BDF42B00FD4C5D /* Default-568h@2x.png */; };
		183C9FEE17BDF45300FD4C5D /* test.m in Sources */ = {isa = PBXBuildFile; fileRef = 183C9FEC17BDF45300FD4C5D /* test.m */; };
		183C9FEF17BDF45300FD4C5D /* test.xib in Resources */ = {isa = PBXBuildFile; fileRef = 183C9FED17BDF45300FD4C5D /* test.xib */; };
/* End PBXBuildFile section */

/* Begin PBXFileReference section */
		183C9FCB17BDF42A00FD4C5D /* RFC_3339.app */ = {isa = PBXFileReference; explicitFileType = wrapper.application; includeInIndex = 0; path = RFC_3339.app; sourceTree = BUILT_PRODUCTS_DIR; };
		183C9FCE17BDF42A00FD4C5D /* UIKit.framework */ = {isa = PBXFileReference; lastKnownFileType = wrapper.framework; name = UIKit.framework; path = System/Library/Frameworks/UIKit.framework; sourceTree = SDKROOT; };
		183C9FD017BDF42A00FD4C5D /* Foundation.framework */ = {isa = PBXFileReference; lastKnownFileType = wrapper.framework; name = Foundation.framework; path = System/Library/Frameworks/Foundation.framework; sourceTree = SDKROOT; };
		183C9FD217BDF42A00FD4C5D /* CoreGraphics.framework */ = {isa = PBXFileReference; lastKnownFileType = wrapper.framework; name = CoreGraphics.framework; path = System/Library/Frameworks/CoreGraphics.framework; sourceTree = SDKROOT; };
		183C9FD617BDF42B00FD4C5D /* RFC_3339-Info.plist */ = {isa = PBXFileReference; lastKnownFileType = text.plist.xml; path = "RFC_3339-Info.plist"; sourceTree = "<group>"; };
		183C9FD817BDF42B00FD4C5D /* en */ = {isa = PBXFileReference; lastKnownFileType = text.plist.strings; name = en; path = en.lproj/InfoPlist.strings; sourceTree = "<group>"; };
		183C9FDA17BDF42B00FD4C5D /* main.m */ = {isa = PBXFileReference; lastKnownFileType = sourcecode.c.objc; path = main.m; sourceTree = "<group>"; };
		183C9FDC17BDF42B00FD4C5D /* RFC_3339-Prefix.pch */ = {isa = PBXFileReference; lastKnownFileType = sourcecode.c.h; path = "RFC_3339-Prefix.pch"; sourceTree = "<group>"; };
		183C9FDD17BDF42B00FD4C5D /* AppDelegate.h */ = {isa = PBXFileReference; lastKnownFileType = sourcecode.c.h; path = AppDelegate.h; sourceTree = "<group>"; };
		183C9FDE17BDF42B00FD4C5D /* AppDelegate.m */ = {isa = PBXFileReference; lastKnownFileType = sourcecode.c.objc; path = AppDelegate.m; sourceTree = "<group>"; };
		183C9FE017BDF42B00FD4C5D /* Default.png */ = {isa = PBXFileReference; lastKnownFileType = image.png; path = Default.png; sourceTree = "<group>"; };
		183C9FE217BDF42B00FD4C5D /* Default@2x.png */ = {isa = PBXFileReference; lastKnownFileType = image.png; path = "Default@2x.png"; sourceTree = "<group>"; };
		183C9FE417BDF42B00FD4C5D /* Default-568h@2x.png */ = {isa = PBXFileReference; lastKnownFileType = image.png; path = "Default-568h@2x.png"; sourceTree = "<group>"; };
		183C9FEB17BDF45300FD4C5D /* test.h */ = {isa = PBXFileReference; fileEncoding = 4; lastKnownFileType = sourcecode.c.h; path = test.h; sourceTree = "<group>"; };
		183C9FEC17BDF45300FD4C5D /* test.m */ = {isa = PBXFileReference; fileEncoding = 4; lastKnownFileType = sourcecode.c.objc; path = test.m; sourceTree = "<group>"; };
		183C9FED17BDF45300FD4C5D /* test.xib */ = {isa = PBXFileReference; fileEncoding = 4; lastKnownFileType = file.xib; path = test.xib; sourceTree = "<group>"; };
/* End PBXFileReference section */

/* Begin PBXFrameworksBuildPhase section */
		183C9FC817BDF42A00FD4C5D /* Frameworks */ = {
			isa = PBXFrameworksBuildPhase;
			buildActionMask = 2147483647;
			files = (
				183C9FCF17BDF42A00FD4C5D /* UIKit.framework in Frameworks */,
				183C9FD117BDF42A00FD4C5D /* Foundation.framework in Frameworks */,
				183C9FD317BDF42A00FD4C5D /* CoreGraphics.framework in Frameworks */,
			);
			runOnlyForDeploymentPostprocessing = 0;
		};
/* End PBXFrameworksBuildPhase section */

/* Begin PBXGroup section */
		183C9FC217BDF42A00FD4C5D = {
			isa = PBXGroup;
			children = (
				183C9FD417BDF42A00FD4C5D /* RFC_3339 */,
				183C9FCD17BDF42A00FD4C5D /* Frameworks */,
				183C9FCC17BDF42A00FD4C5D /* Products */,
			);
			sourceTree = "<group>";
		};
		183C9FCC17BDF42A00FD4C5D /* Products */ = {
			isa = PBXGroup;
			children = (
				183C9FCB17BDF42A00FD4C5D /* RFC_3339.app */,
			);
			name = Products;
			sourceTree = "<group>";
		};
		183C9FCD17BDF42A00FD4C5D /* Frameworks */ = {
			isa = PBXGroup;
			children = (
				183C9FCE17BDF42A00FD4C5D /* UIKit.framework */,
				183C9FD017BDF42A00FD4C5D /* Foundation.framework */,
				183C9FD217BDF42A00FD4C5D /* CoreGraphics.framework */,
			);
			name = Frameworks;
			sourceTree = "<group>";
		};
		183C9FD417BDF42A00FD4C5D /* RFC_3339 */ = {
			isa = PBXGroup;
			children = (
				183C9FDD17BDF42B00FD4C5D /* AppDelegate.h */,
				183C9FDE17BDF42B00FD4C5D /* AppDelegate.m */,
				183C9FEB17BDF45300FD4C5D /* test.h */,
				183C9FEC17BDF45300FD4C5D /* test.m */,
				183C9FED17BDF45300FD4C5D /* test.xib */,
				183C9FD517BDF42B00FD4C5D /* Supporting Files */,
			);
			path = RFC_3339;
			sourceTree = "<group>";
		};
		183C9FD517BDF42B00FD4C5D /* Supporting Files */ = {
			isa = PBXGroup;
			children = (
				183C9FD617BDF42B00FD4C5D /* RFC_3339-Info.plist */,
				183C9FD717BDF42B00FD4C5D /* InfoPlist.strings */,
				183C9FDA17BDF42B00FD4C5D /* main.m */,
				183C9FDC17BDF42B00FD4C5D /* RFC_3339-Prefix.pch */,
				183C9FE017BDF42B00FD4C5D /* Default.png */,
				183C9FE217BDF42B00FD4C5D /* Default@2x.png */,
				183C9FE417BDF42B00FD4C5D /* Default-568h@2x.png */,
			);
			name = "Supporting Files";
			sourceTree = "<group>";
		};
/* End PBXGroup section */

/* Begin PBXNativeTarget section */
		183C9FCA17BDF42A00FD4C5D /* RFC_3339 */ = {
			isa = PBXNativeTarget;
			buildConfigurationList = 183C9FE817BDF42B00FD4C5D /* Build configuration list for PBXNativeTarget "RFC_3339" */;
			buildPhases = (
				183C9FC717BDF42A00FD4C5D /* Sources */,
				183C9FC817BDF42A00FD4C5D /* Frameworks */,
				183C9FC917BDF42A00FD4C5D /* Resources */,
			);
			buildRules = (
			);
			dependencies = (
			);
			name = RFC_3339;
			productName = RFC_3339;
			productReference = 183C9FCB17BDF42A00FD4C5D /* RFC_3339.app */;
			productType = "com.apple.product-type.application";
		};
/* End PBXNativeTarget section */

/* Begin PBXProject section */
		183C9FC317BDF42A00FD4C5D /* Project object */ = {
			isa = PBXProject;
			attributes = {
				LastUpgradeCheck = 0460;
				ORGANIZATIONNAME = DreamSoft4u;
			};
			buildConfigurationList = 183C9FC617BDF42A00FD4C5D /* Build configuration list for PBXProject "RFC_3339" */;
			compatibilityVersion = "Xcode 3.2";
			developmentRegion = English;
			hasScannedForEncodings = 0;
			knownRegions = (
				en,
			);
			mainGroup = 183C9FC217BDF42A00FD4C5D;
			productRefGroup = 183C9FCC17BDF42A00FD4C5D /* Products */;
			projectDirPath = "";
			projectRoot = "";
			targets = (
				183C9FCA17BDF42A00FD4C5D /* RFC_3339 */,
			);
		};
/* End PBXProject section */

/* Begin PBXResourcesBuildPhase section */
		183C9FC917BDF42A00FD4C5D /* Resources */ = {
			isa = PBXResourcesBuildPhase;
			buildActionMask = 2147483647;
			files = (
				183C9FD917BDF42B00FD4C5D /* InfoPlist.strings in Resources */,
				183C9FE117BDF42B00FD4C5D /* Default.png in Resources */,
				183C9FE317BDF42B00FD4C5D /* Default@2x.png in Resources */,
				183C9FE517BDF42B00FD4C5D /* Default-568h@2x.png in Resources */,
				183C9FEF17BDF45300FD4C5D /* test.xib in Resources */,
			);
			runOnlyForDeploymentPostprocessing = 0;
		};
/* End PBXResourcesBuildPhase section */

/* Begin PBXSourcesBuildPhase section */
		183C9FC717BDF42A00FD4C5D /* Sources */ = {
			isa = PBXSourcesBuildPhase;
			buildActionMask = 2147483647;
			files = (
				183C9FDB17BDF42B00FD4C5D /* main.m in Sources */,
				183C9FDF17BDF42B00FD4C5D /* AppDelegate.m in Sources */,
				183C9FEE17BDF45300FD4C5D /* test.m in Sources */,
			);
			runOnlyForDeploymentPostprocessing = 0;
		};
/* End PBXSourcesBuildPhase section */

/* Begin PBXVariantGroup section */
		183C9FD717BDF42B00FD4C5D /* InfoPlist.strings */ = {
			isa = PBXVariantGroup;
			children = (
				183C9FD817BDF42B00FD4C5D /* en */,
			);
			name = InfoPlist.strings;
			sourceTree = "<group>";
		};
/* End PBXVariantGroup section */

/* Begin XCBuildConfiguration section */
		183C9FE617BDF42B00FD4C5D /* Debug */ = {
			isa = XCBuildConfiguration;
			buildSettings = {
				ALWAYS_SEARCH_USER_PATHS = NO;
				CLANG_CXX_LANGUAGE_STANDARD = "gnu++0x";
				CLANG_CXX_LIBRARY = "libc++";
				CLANG_ENABLE_OBJC_ARC = YES;
				CLANG_WARN_CONSTANT_CONVERSION = YES;
				CLANG_WARN_EMPTY_BODY = YES;
				CLANG_WARN_ENUM_CONVERSION = YES;
				CLANG_WARN_INT_CONVERSION = YES;
				CLANG_WARN__DUPLICATE_METHOD_MATCH = YES;
				"CODE_SIGN_IDENTITY[sdk=iphoneos*]" = "iPhone Developer";
				COPY_PHASE_STRIP = NO;
				GCC_C_LANGUAGE_STANDARD = gnu99;
				GCC_DYNAMIC_NO_PIC = NO;
				GCC_OPTIMIZATION_LEVEL = 0;
				GCC_PREPROCESSOR_DEFINITIONS = (
					"DEBUG=1",
					"$(inherited)",
				);
				GCC_SYMBOLS_PRIVATE_EXTERN = NO;
				GCC_WARN_ABOUT_RETURN_TYPE = YES;
				GCC_WARN_UNINITIALIZED_AUTOS = YES;
				GCC_WARN_UNUSED_VARIABLE = YES;
				IPHONEOS_DEPLOYMENT_TARGET = 6.1;
				ONLY_ACTIVE_ARCH = YES;
				SDKROOT = iphoneos;
				TARGETED_DEVICE_FAMILY = 2;
			};
			name = Debug;
		};
		183C9FE717BDF42B00FD4C5D /* Release */ = {
			isa = XCBuildConfiguration;
			buildSettings = {
				ALWAYS_SEARCH_USER_PATHS = NO;
				CLANG_CXX_LANGUAGE_STANDARD = "gnu++0x";
				CLANG_CXX_LIBRARY = "libc++";
				CLANG_ENABLE_OBJC_ARC = YES;
				CLANG_WARN_CONSTANT_CONVERSION = YES;
				CLANG_WARN_EMPTY_BODY = YES;
				CLANG_WARN_ENUM_CONVERSION = YES;
				CLANG_WARN_INT_CONVERSION = YES;
				CLANG_WARN__DUPLICATE_METHOD_MATCH = YES;
				"CODE_SIGN_IDENTITY[sdk=iphoneos*]" = "iPhone Developer";
				COPY_PHASE_STRIP = YES;
				GCC_C_LANGUAGE_STANDARD = gnu99;
				GCC_WARN_ABOUT_RETURN_TYPE = YES;
				GCC_WARN_UNINITIALIZED_AUTOS = YES;
				GCC_WARN_UNUSED_VARIABLE = YES;
				IPHONEOS_DEPLOYMENT_TARGET = 6.1;
				OTHER_CFLAGS = "-DNS_BLOCK_ASSERTIONS=1";
				SDKROOT = iphoneos;
				TARGETED_DEVICE_FAMILY = 2;
				VALIDATE_PRODUCT = YES;
			};
			name = Release;
		};
		183C9FE917BDF42B00FD4C5D /* Debug */ = {
			isa = XCBuildConfiguration;
			buildSettings = {
				GCC_PRECOMPILE_PREFIX_HEADER = YES;
				GCC_PREFIX_HEADER = "RFC_3339/RFC_3339-Prefix.pch";
				INFOPLIST_FILE = "RFC_3339/RFC_3339-Info.plist";
				PRODUCT_NAME = "$(TARGET_NAME)";
				WRAPPER_EXTENSION = app;
			};
			name = Debug;
		};
		183C9FEA17BDF42B00FD4C5D /* Release */ = {
			isa = XCBuildConfiguration;
			buildSettings = {
				GCC_PRECOMPILE_PREFIX_HEADER = YES;
				GCC_PREFIX_HEADER = "RFC_3339/RFC_3339-Prefix.pch";
				INFOPLIST_FILE = "RFC_3339/RFC_3339-Info.plist";
				PRODUCT_NAME = "$(TARGET_NAME)";
				WRAPPER_EXTENSION = app;
			};
			name = Release;
		};
/* End XCBuildConfiguration section */

/* Begin XCConfigurationList section */
		183C9FC617BDF42A00FD4C5D /* Build configuration list for PBXProject "RFC_3339" */ = {
			isa = XCConfigurationList;
			buildConfigurations = (
				183C9FE617BDF42B00FD4C5D /* Debug */,
				183C9FE717BDF42B00FD4C5D /* Release */,
			);
			defaultConfigurationIsVisible = 0;
			defaultConfigurationName = Release;
		};
		183C9FE817BDF42B00FD4C5D /* Build configuration list for PBXNativeTarget "RFC_3339" */ = {
			isa = XCConfigurationList;
			buildConfigurations = (
				183C9FE917BDF42B00FD4C5D /* Debug */,
				183C9FEA17BDF42B00FD4C5D /* Release */,
			);
			defaultConfigurationIsVisible = 0;
		};
/* End XCConfigurationList section */
	};
	rootObject = 183C9FC317BDF42A00FD4C5D /* Project object */;
}
